
Microsoft Visual Studio Solution File, Format Version 12.00
# Visual Studio 2013
VisualStudioVersion = 12.0.30501.0
MinimumVisualStudioVersion = 10.0.40219.1
Project("{8BC9CEB8-8B4A-11D0-8D11-00A0C91BC942}") = "WorkStation", "WorkStation\WorkStation.vcxproj", "{B12702AD-ABFB-343A-A199-8E24837244A3}"
	ProjectSection(ProjectDependencies) = postProject
		{AED1A110-3955-4FCB-A008-87E213CD036B} = {AED1A110-3955-4FCB-A008-87E213CD036B}
		{F214241B-DC6E-4653-9988-26BF58FDB12E} = {F214241B-DC6E-4653-9988-26BF58FDB12E}
		{E1EA3623-AD09-4537-9098-DEEB4AF01BB2} = {E1EA3623-AD09-4537-9098-DEEB4AF01BB2}
		{8C982693-8457-46CB-926E-9E2D184841F4} = {8C982693-8457-46CB-926E-9E2D184841F4}
		{A967FABB-1D06-4FD9-89E5-15AAF2EE8298} = {A967FABB-1D06-4FD9-89E5-15AAF2EE8298}
		{55DDE7BE-F3F2-466E-9B59-B285AF7DF407} = {55DDE7BE-F3F2-466E-9B59-B285AF7DF407}
		{B4C525D1-1D08-4F44-9DEF-0CAAB6102071} = {B4C525D1-1D08-4F44-9DEF-0CAAB6102071}
		{C2EFF1E2-2F6F-4D90-88AB-46862E6F8C96} = {C2EFF1E2-2F6F-4D90-88AB-46862E6F8C96}
	EndProjectSection
EndProject
Project("{2150E333-8FDC-42A3-9474-1A3956D46DE8}") = "Motion", "Motion", "{E09D2277-7985-43CF-8FDA-349D7DC63048}"
EndProject
Project("{2150E333-8FDC-42A3-9474-1A3956D46DE8}") = "Utility", "Utility", "{7B47C0F3-E4CD-48E4-BC22-BDFF827E8988}"
EndProject
Project("{8BC9CEB8-8B4A-11D0-8D11-00A0C91BC942}") = "Utility", "Utility\Utility\Utility.vcxproj", "{AED1A110-3955-4FCB-A008-87E213CD036B}"
EndProject
Project("{8BC9CEB8-8B4A-11D0-8D11-00A0C91BC942}") = "XMessageBox", "Utility\XMessageBox\XMessageBox.vcxproj", "{C2EFF1E2-2F6F-4D90-88AB-46862E6F8C96}"
	ProjectSection(ProjectDependencies) = postProject
		{E1EA3623-AD09-4537-9098-DEEB4AF01BB2} = {E1EA3623-AD09-4537-9098-DEEB4AF01BB2}
	EndProjectSection
EndProject
Project("{8BC9CEB8-8B4A-11D0-8D11-00A0C91BC942}") = "System", "Utility\System\System.vcxproj", "{8C982693-8457-46CB-926E-9E2D184841F4}"
	ProjectSection(ProjectDependencies) = postProject
		{AED1A110-3955-4FCB-A008-87E213CD036B} = {AED1A110-3955-4FCB-A008-87E213CD036B}
		{E1EA3623-AD09-4537-9098-DEEB4AF01BB2} = {E1EA3623-AD09-4537-9098-DEEB4AF01BB2}
		{C2EFF1E2-2F6F-4D90-88AB-46862E6F8C96} = {C2EFF1E2-2F6F-4D90-88AB-46862E6F8C96}
	EndProjectSection
EndProject
Project("{2150E333-8FDC-42A3-9474-1A3956D46DE8}") = "WorkFlow", "WorkFlow", "{65038685-D358-41FE-9F41-5C10149DBB25}"
EndProject
Project("{8BC9CEB8-8B4A-11D0-8D11-00A0C91BC942}") = "WorkFlow", "WorkFlow\WorkFlow\WorkFlow.vcxproj", "{55DDE7BE-F3F2-466E-9B59-B285AF7DF407}"
	ProjectSection(ProjectDependencies) = postProject
		{B4C525D1-1D08-4F44-9DEF-0CAAB6102071} = {B4C525D1-1D08-4F44-9DEF-0CAAB6102071}
	EndProjectSection
EndProject
Project("{8BC9CEB8-8B4A-11D0-8D11-00A0C91BC942}") = "NetWork", "Utility\NetWork\NetWork.vcxproj", "{A967FABB-1D06-4FD9-89E5-15AAF2EE8298}"
	ProjectSection(ProjectDependencies) = postProject
		{8C982693-8457-46CB-926E-9E2D184841F4} = {8C982693-8457-46CB-926E-9E2D184841F4}
	EndProjectSection
EndProject
Project("{8BC9CEB8-8B4A-11D0-8D11-00A0C91BC942}") = "SerialPort", "Utility\SerialPort\SerialPort.vcxproj", "{F214241B-DC6E-4653-9988-26BF58FDB12E}"
	ProjectSection(ProjectDependencies) = postProject
		{8C982693-8457-46CB-926E-9E2D184841F4} = {8C982693-8457-46CB-926E-9E2D184841F4}
	EndProjectSection
EndProject
Project("{8BC9CEB8-8B4A-11D0-8D11-00A0C91BC942}") = "XWindow", "Utility\XWindow\XWindow.vcxproj", "{E1EA3623-AD09-4537-9098-DEEB4AF01BB2}"
	ProjectSection(ProjectDependencies) = postProject
		{AED1A110-3955-4FCB-A008-87E213CD036B} = {AED1A110-3955-4FCB-A008-87E213CD036B}
	EndProjectSection
EndProject
Project("{8BC9CEB8-8B4A-11D0-8D11-00A0C91BC942}") = "Motion_dmc", "Motion\Motion_dmc\Motion_dmc.vcxproj", "{B4C525D1-1D08-4F44-9DEF-0CAAB6102071}"
	ProjectSection(ProjectDependencies) = postProject
		{AED1A110-3955-4FCB-A008-87E213CD036B} = {AED1A110-3955-4FCB-A008-87E213CD036B}
		{8C982693-8457-46CB-926E-9E2D184841F4} = {8C982693-8457-46CB-926E-9E2D184841F4}
	EndProjectSection
EndProject
Global
	GlobalSection(SolutionConfigurationPlatforms) = preSolution
		Debug|Win32 = Debug|Win32
		Release|Win32 = Release|Win32
	EndGlobalSection
	GlobalSection(ProjectConfigurationPlatforms) = postSolution
		{B12702AD-ABFB-343A-A199-8E24837244A3}.Debug|Win32.ActiveCfg = Debug|Win32
		{B12702AD-ABFB-343A-A199-8E24837244A3}.Debug|Win32.Build.0 = Debug|Win32
		{B12702AD-ABFB-343A-A199-8E24837244A3}.Release|Win32.ActiveCfg = Release|Win32
		{B12702AD-ABFB-343A-A199-8E24837244A3}.Release|Win32.Build.0 = Release|Win32
		{AED1A110-3955-4FCB-A008-87E213CD036B}.Debug|Win32.ActiveCfg = Debug|Win32
		{AED1A110-3955-4FCB-A008-87E213CD036B}.Debug|Win32.Build.0 = Debug|Win32
		{AED1A110-3955-4FCB-A008-87E213CD036B}.Release|Win32.ActiveCfg = Release|Win32
		{AED1A110-3955-4FCB-A008-87E213CD036B}.Release|Win32.Build.0 = Release|Win32
		{C2EFF1E2-2F6F-4D90-88AB-46862E6F8C96}.Debug|Win32.ActiveCfg = Debug|Win32
		{C2EFF1E2-2F6F-4D90-88AB-46862E6F8C96}.Debug|Win32.Build.0 = Debug|Win32
		{C2EFF1E2-2F6F-4D90-88AB-46862E6F8C96}.Release|Win32.ActiveCfg = Release|Win32
		{C2EFF1E2-2F6F-4D90-88AB-46862E6F8C96}.Release|Win32.Build.0 = Release|Win32
		{8C982693-8457-46CB-926E-9E2D184841F4}.Debug|Win32.ActiveCfg = Debug|Win32
		{8C982693-8457-46CB-926E-9E2D184841F4}.Debug|Win32.Build.0 = Debug|Win32
		{8C982693-8457-46CB-926E-9E2D184841F4}.Release|Win32.ActiveCfg = Release|Win32
		{8C982693-8457-46CB-926E-9E2D184841F4}.Release|Win32.Build.0 = Release|Win32
		{55DDE7BE-F3F2-466E-9B59-B285AF7DF407}.Debug|Win32.ActiveCfg = Debug|Win32
		{55DDE7BE-F3F2-466E-9B59-B285AF7DF407}.Debug|Win32.Build.0 = Debug|Win32
		{55DDE7BE-F3F2-466E-9B59-B285AF7DF407}.Release|Win32.ActiveCfg = Release|Win32
		{55DDE7BE-F3F2-466E-9B59-B285AF7DF407}.Release|Win32.Build.0 = Release|Win32
		{A967FABB-1D06-4FD9-89E5-15AAF2EE8298}.Debug|Win32.ActiveCfg = Debug|Win32
		{A967FABB-1D06-4FD9-89E5-15AAF2EE8298}.Debug|Win32.Build.0 = Debug|Win32
		{A967FABB-1D06-4FD9-89E5-15AAF2EE8298}.Release|Win32.ActiveCfg = Release|Win32
		{A967FABB-1D06-4FD9-89E5-15AAF2EE8298}.Release|Win32.Build.0 = Release|Win32
		{F214241B-DC6E-4653-9988-26BF58FDB12E}.Debug|Win32.ActiveCfg = Debug|Win32
		{F214241B-DC6E-4653-9988-26BF58FDB12E}.Debug|Win32.Build.0 = Debug|Win32
		{F214241B-DC6E-4653-9988-26BF58FDB12E}.Release|Win32.ActiveCfg = Release|Win32
		{F214241B-DC6E-4653-9988-26BF58FDB12E}.Release|Win32.Build.0 = Release|Win32
		{E1EA3623-AD09-4537-9098-DEEB4AF01BB2}.Debug|Win32.ActiveCfg = Debug|Win32
		{E1EA3623-AD09-4537-9098-DEEB4AF01BB2}.Debug|Win32.Build.0 = Debug|Win32
		{E1EA3623-AD09-4537-9098-DEEB4AF01BB2}.Release|Win32.ActiveCfg = Release|Win32
		{E1EA3623-AD09-4537-9098-DEEB4AF01BB2}.Release|Win32.Build.0 = Release|Win32
		{B4C525D1-1D08-4F44-9DEF-0CAAB6102071}.Debug|Win32.ActiveCfg = Debug|Win32
		{B4C525D1-1D08-4F44-9DEF-0CAAB6102071}.Debug|Win32.Build.0 = Debug|Win32
		{B4C525D1-1D08-4F44-9DEF-0CAAB6102071}.Release|Win32.ActiveCfg = Release|Win32
		{B4C525D1-1D08-4F44-9DEF-0CAAB6102071}.Release|Win32.Build.0 = Release|Win32
	EndGlobalSection
	GlobalSection(SolutionProperties) = preSolution
		HideSolutionNode = FALSE
	EndGlobalSection
	GlobalSection(NestedProjects) = preSolution
		{AED1A110-3955-4FCB-A008-87E213CD036B} = {7B47C0F3-E4CD-48E4-BC22-BDFF827E8988}
		{C2EFF1E2-2F6F-4D90-88AB-46862E6F8C96} = {7B47C0F3-E4CD-48E4-BC22-BDFF827E8988}
		{8C982693-8457-46CB-926E-9E2D184841F4} = {7B47C0F3-E4CD-48E4-BC22-BDFF827E8988}
		{55DDE7BE-F3F2-466E-9B59-B285AF7DF407} = {65038685-D358-41FE-9F41-5C10149DBB25}
		{A967FABB-1D06-4FD9-89E5-15AAF2EE8298} = {7B47C0F3-E4CD-48E4-BC22-BDFF827E8988}
		{F214241B-DC6E-4653-9988-26BF58FDB12E} = {7B47C0F3-E4CD-48E4-BC22-BDFF827E8988}
		{E1EA3623-AD09-4537-9098-DEEB4AF01BB2} = {7B47C0F3-E4CD-48E4-BC22-BDFF827E8988}
		{B4C525D1-1D08-4F44-9DEF-0CAAB6102071} = {E09D2277-7985-43CF-8FDA-349D7DC63048}
	EndGlobalSection
EndGlobal
